
Microsoft Visual Studio Solution File, Format Version 12.00
# Visual Studio Version 16
VisualStudioVersion = 16.0.28922.388
MinimumVisualStudioVersion = 10.0.40219.1
Project("{FAE04EC0-301F-11D3-BF4B-00C04F79EFBC}") = "DevePixelSecurer", "DevePixelSecurer\DevePixelSecurer.csproj", "{2A00D45A-FC65-4280-BB7E-FCAE5C8966E9}"
EndProject
Project("{FAE04EC0-301F-11D3-BF4B-00C04F79EFBC}") = "DevePixelSecurer.ConsoleApp", "DevePixelSecurer.ConsoleApp\DevePixelSecurer.ConsoleApp.csproj", "{F3DA22E9-83AB-45F5-BD9A-5F8BAC77229C}"
EndProject
Project("{FAE04EC0-301F-11D3-BF4B-00C04F79EFBC}") = "DevePixelSecurer.Tests", "DevePixelSecurer.Tests\DevePixelSecurer.Tests.csproj", "{8FE8625E-2A6F-4025-B79D-A0C32F417689}"
EndProject
Global
	GlobalSection(SolutionConfigurationPlatforms) = preSolution
		Debug|Any CPU = Debug|Any CPU
		Release|Any CPU = Release|Any CPU
	EndGlobalSection
	GlobalSection(ProjectConfigurationPlatforms) = postSolution
		{2A00D45A-FC65-4280-BB7E-FCAE5C8966E9}.Debug|Any CPU.ActiveCfg = Debug|Any CPU
		{2A00D45A-FC65-4280-BB7E-FCAE5C8966E9}.Debug|Any CPU.Build.0 = Debug|Any CPU
		{2A00D45A-FC65-4280-BB7E-FCAE5C8966E9}.Release|Any CPU.ActiveCfg = Release|Any CPU
		{2A00D45A-FC65-4280-BB7E-FCAE5C8966E9}.Release|Any CPU.Build.0 = Release|Any CPU
		{F3DA22E9-83AB-45F5-BD9A-5F8BAC77229C}.Debug|Any CPU.ActiveCfg = Debug|Any CPU
		{F3DA22E9-83AB-45F5-BD9A-5F8BAC77229C}.Debug|Any CPU.Build.0 = Debug|Any CPU
		{F3DA22E9-83AB-45F5-BD9A-5F8BAC77229C}.Release|Any CPU.ActiveCfg = Release|Any CPU
		{F3DA22E9-83AB-45F5-BD9A-5F8BAC77229C}.Release|Any CPU.Build.0 = Release|Any CPU
		{8FE8625E-2A6F-4025-B79D-A0C32F417689}.Debug|Any CPU.ActiveCfg = Debug|Any CPU
		{8FE8625E-2A6F-4025-B79D-A0C32F417689}.Debug|Any CPU.Build.0 = Debug|Any CPU
		{8FE8625E-2A6F-4025-B79D-A0C32F417689}.Release|Any CPU.ActiveCfg = Release|Any CPU
		{8FE8625E-2A6F-4025-B79D-A0C32F417689}.Release|Any CPU.Build.0 = Release|Any CPU
	EndGlobalSection
	GlobalSection(SolutionProperties) = preSolution
		HideSolutionNode = FALSE
	EndGlobalSection
	GlobalSection(ExtensibilityGlobals) = postSolution
		SolutionGuid = {903CB606-19F0-4550-9AB1-AF611523CDC7}
	EndGlobalSection
EndGlobal
